
Microsoft Visual Studio Solution File, Format Version 12.00
# Visual Studio Version 17
VisualStudioVersion = 17.11.35208.52
MinimumVisualStudioVersion = 10.0.40219.1
Project("{FAE04EC0-301F-11D3-BF4B-00C04F79EFBC}") = "PeluqueríaWebApi", "PeluqueríaWebApi\PeluqueríaWebApi.csproj", "{33D3D641-EA9B-4F48-8379-7CED464519A3}"
EndProject
Project("{FAE04EC0-301F-11D3-BF4B-00C04F79EFBC}") = "PeluqueriaBack", "PeluqueriaBack\PeluqueriaBack.csproj", "{7EBE2666-6D70-4C71-BCE5-BAC2C3D7124B}"
EndProject
Global
	GlobalSection(SolutionConfigurationPlatforms) = preSolution
		Debug|Any CPU = Debug|Any CPU
		Release|Any CPU = Release|Any CPU
	EndGlobalSection
	GlobalSection(ProjectConfigurationPlatforms) = postSolution
		{33D3D641-EA9B-4F48-8379-7CED464519A3}.Debug|Any CPU.ActiveCfg = Debug|Any CPU
		{33D3D641-EA9B-4F48-8379-7CED464519A3}.Debug|Any CPU.Build.0 = Debug|Any CPU
		{33D3D641-EA9B-4F48-8379-7CED464519A3}.Release|Any CPU.ActiveCfg = Release|Any CPU
		{33D3D641-EA9B-4F48-8379-7CED464519A3}.Release|Any CPU.Build.0 = Release|Any CPU
		{7EBE2666-6D70-4C71-BCE5-BAC2C3D7124B}.Debug|Any CPU.ActiveCfg = Debug|Any CPU
		{7EBE2666-6D70-4C71-BCE5-BAC2C3D7124B}.Debug|Any CPU.Build.0 = Debug|Any CPU
		{7EBE2666-6D70-4C71-BCE5-BAC2C3D7124B}.Release|Any CPU.ActiveCfg = Release|Any CPU
		{7EBE2666-6D70-4C71-BCE5-BAC2C3D7124B}.Release|Any CPU.Build.0 = Release|Any CPU
	EndGlobalSection
	GlobalSection(SolutionProperties) = preSolution
		HideSolutionNode = FALSE
	EndGlobalSection
	GlobalSection(ExtensibilityGlobals) = postSolution
		SolutionGuid = {DCCCEAD8-1A4A-4CB9-8C7F-CC015B7B4D16}
	EndGlobalSection
EndGlobal
