
Microsoft Visual Studio Solution File, Format Version 12.00
# Visual Studio Version 17
VisualStudioVersion = 17.9.34728.123
MinimumVisualStudioVersion = 10.0.40219.1
Project("{FAE04EC0-301F-11D3-BF4B-00C04F79EFBC}") = "Problema_1.6", "Problema_1.6.csproj", "{BB9687EE-8710-4CBE-AE50-F0BBD356F0A0}"
EndProject
Global
	GlobalSection(SolutionConfigurationPlatforms) = preSolution
		Debug|Any CPU = Debug|Any CPU
		Release|Any CPU = Release|Any CPU
	EndGlobalSection
	GlobalSection(ProjectConfigurationPlatforms) = postSolution
		{BB9687EE-8710-4CBE-AE50-F0BBD356F0A0}.Debug|Any CPU.ActiveCfg = Debug|Any CPU
		{BB9687EE-8710-4CBE-AE50-F0BBD356F0A0}.Debug|Any CPU.Build.0 = Debug|Any CPU
		{BB9687EE-8710-4CBE-AE50-F0BBD356F0A0}.Release|Any CPU.ActiveCfg = Release|Any CPU
		{BB9687EE-8710-4CBE-AE50-F0BBD356F0A0}.Release|Any CPU.Build.0 = Release|Any CPU
	EndGlobalSection
	GlobalSection(SolutionProperties) = preSolution
		HideSolutionNode = FALSE
	EndGlobalSection
	GlobalSection(ExtensibilityGlobals) = postSolution
		SolutionGuid = {0B5C861C-3384-4133-98CF-830E8B64B980}
	EndGlobalSection
EndGlobal
