
Microsoft Visual Studio Solution File, Format Version 12.00
# Visual Studio Version 17
VisualStudioVersion = 17.9.34728.123
MinimumVisualStudioVersion = 10.0.40219.1
Project("{FAE04EC0-301F-11D3-BF4B-00C04F79EFBC}") = "ejercicio_2.3", "ejercicio_2.3.csproj", "{318EF255-0AA2-4D4F-AA48-A48899677DF3}"
EndProject
Global
	GlobalSection(SolutionConfigurationPlatforms) = preSolution
		Debug|Any CPU = Debug|Any CPU
		Release|Any CPU = Release|Any CPU
	EndGlobalSection
	GlobalSection(ProjectConfigurationPlatforms) = postSolution
		{318EF255-0AA2-4D4F-AA48-A48899677DF3}.Debug|Any CPU.ActiveCfg = Debug|Any CPU
		{318EF255-0AA2-4D4F-AA48-A48899677DF3}.Debug|Any CPU.Build.0 = Debug|Any CPU
		{318EF255-0AA2-4D4F-AA48-A48899677DF3}.Release|Any CPU.ActiveCfg = Release|Any CPU
		{318EF255-0AA2-4D4F-AA48-A48899677DF3}.Release|Any CPU.Build.0 = Release|Any CPU
	EndGlobalSection
	GlobalSection(SolutionProperties) = preSolution
		HideSolutionNode = FALSE
	EndGlobalSection
	GlobalSection(ExtensibilityGlobals) = postSolution
		SolutionGuid = {2F03AACF-8C70-47DD-8EA9-DD6AE87CACB7}
	EndGlobalSection
EndGlobal
