
Microsoft Visual Studio Solution File, Format Version 12.00
# Visual Studio Version 17
VisualStudioVersion = 17.9.34728.123
MinimumVisualStudioVersion = 10.0.40219.1
Project("{9A19103F-16F7-4668-BE54-9A1E7A4F7556}") = "ENTITY_FRAMEWORK_CORE", "ENTITY_FRAMEWORK_CORE.csproj", "{1CE028A1-638A-42CF-A138-156AE1E54B00}"
EndProject
Project("{FAE04EC0-301F-11D3-BF4B-00C04F79EFBC}") = "Api_Framework", "..\Api_Framework\Api_Framework.csproj", "{5083D45B-CD66-485A-A82A-AD46513B0E92}"
	ProjectSection(ProjectDependencies) = postProject
		{1CE028A1-638A-42CF-A138-156AE1E54B00} = {1CE028A1-638A-42CF-A138-156AE1E54B00}
	EndProjectSection
EndProject
Global
	GlobalSection(SolutionConfigurationPlatforms) = preSolution
		Debug|Any CPU = Debug|Any CPU
		Release|Any CPU = Release|Any CPU
	EndGlobalSection
	GlobalSection(ProjectConfigurationPlatforms) = postSolution
		{1CE028A1-638A-42CF-A138-156AE1E54B00}.Debug|Any CPU.ActiveCfg = Debug|Any CPU
		{1CE028A1-638A-42CF-A138-156AE1E54B00}.Debug|Any CPU.Build.0 = Debug|Any CPU
		{1CE028A1-638A-42CF-A138-156AE1E54B00}.Release|Any CPU.ActiveCfg = Release|Any CPU
		{1CE028A1-638A-42CF-A138-156AE1E54B00}.Release|Any CPU.Build.0 = Release|Any CPU
		{5083D45B-CD66-485A-A82A-AD46513B0E92}.Debug|Any CPU.ActiveCfg = Debug|Any CPU
		{5083D45B-CD66-485A-A82A-AD46513B0E92}.Debug|Any CPU.Build.0 = Debug|Any CPU
		{5083D45B-CD66-485A-A82A-AD46513B0E92}.Release|Any CPU.ActiveCfg = Release|Any CPU
		{5083D45B-CD66-485A-A82A-AD46513B0E92}.Release|Any CPU.Build.0 = Release|Any CPU
	EndGlobalSection
	GlobalSection(SolutionProperties) = preSolution
		HideSolutionNode = FALSE
	EndGlobalSection
	GlobalSection(ExtensibilityGlobals) = postSolution
		SolutionGuid = {18CF595A-1374-4C9C-BCD4-AED0BE690A73}
	EndGlobalSection
EndGlobal
