
Microsoft Visual Studio Solution File, Format Version 12.00
# Visual Studio Version 17
VisualStudioVersion = 17.9.34728.123
MinimumVisualStudioVersion = 10.0.40219.1
Project("{9A19103F-16F7-4668-BE54-9A1E7A4F7556}") = "2.7_Api", "..\..\..\Ejercicio2.7\2.7_Api\2.7_Api.csproj", "{27CAD28E-C06A-4D2A-91AE-EAC7F05EF2E5}"
EndProject
Project("{9A19103F-16F7-4668-BE54-9A1E7A4F7556}") = "2.7_back", "..\..\..\Ejercicio2.7\2.7_back\2.7_back.csproj", "{6F74E102-4828-4099-9336-D1B2932E8C87}"
EndProject
Global
	GlobalSection(SolutionConfigurationPlatforms) = preSolution
		Debug|Any CPU = Debug|Any CPU
		Release|Any CPU = Release|Any CPU
	EndGlobalSection
	GlobalSection(ProjectConfigurationPlatforms) = postSolution
		{27CAD28E-C06A-4D2A-91AE-EAC7F05EF2E5}.Debug|Any CPU.ActiveCfg = Debug|Any CPU
		{27CAD28E-C06A-4D2A-91AE-EAC7F05EF2E5}.Debug|Any CPU.Build.0 = Debug|Any CPU
		{27CAD28E-C06A-4D2A-91AE-EAC7F05EF2E5}.Release|Any CPU.ActiveCfg = Release|Any CPU
		{27CAD28E-C06A-4D2A-91AE-EAC7F05EF2E5}.Release|Any CPU.Build.0 = Release|Any CPU
		{6F74E102-4828-4099-9336-D1B2932E8C87}.Debug|Any CPU.ActiveCfg = Debug|Any CPU
		{6F74E102-4828-4099-9336-D1B2932E8C87}.Debug|Any CPU.Build.0 = Debug|Any CPU
		{6F74E102-4828-4099-9336-D1B2932E8C87}.Release|Any CPU.ActiveCfg = Release|Any CPU
		{6F74E102-4828-4099-9336-D1B2932E8C87}.Release|Any CPU.Build.0 = Release|Any CPU
	EndGlobalSection
	GlobalSection(SolutionProperties) = preSolution
		HideSolutionNode = FALSE
	EndGlobalSection
	GlobalSection(ExtensibilityGlobals) = postSolution
		SolutionGuid = {5FC588FB-76C2-4932-9F75-10273AFC39EF}
	EndGlobalSection
EndGlobal
