
Microsoft Visual Studio Solution File, Format Version 12.00
# Visual Studio Version 17
VisualStudioVersion = 17.9.34728.123
MinimumVisualStudioVersion = 10.0.40219.1
Project("{FAE04EC0-301F-11D3-BF4B-00C04F79EFBC}") = "BibliotecaTurno", "BibliotecaTurno.csproj", "{0B1B08CF-E6E2-41F4-A5BD-5E5B483C268B}"
EndProject
Project("{FAE04EC0-301F-11D3-BF4B-00C04F79EFBC}") = "ApiTurno", "..\ApiTurno\ApiTurno.csproj", "{8550DFFC-47DB-4694-A28D-3B75CFA951AB}"
EndProject
Global
	GlobalSection(SolutionConfigurationPlatforms) = preSolution
		Debug|Any CPU = Debug|Any CPU
		Release|Any CPU = Release|Any CPU
	EndGlobalSection
	GlobalSection(ProjectConfigurationPlatforms) = postSolution
		{0B1B08CF-E6E2-41F4-A5BD-5E5B483C268B}.Debug|Any CPU.ActiveCfg = Debug|Any CPU
		{0B1B08CF-E6E2-41F4-A5BD-5E5B483C268B}.Debug|Any CPU.Build.0 = Debug|Any CPU
		{0B1B08CF-E6E2-41F4-A5BD-5E5B483C268B}.Release|Any CPU.ActiveCfg = Release|Any CPU
		{0B1B08CF-E6E2-41F4-A5BD-5E5B483C268B}.Release|Any CPU.Build.0 = Release|Any CPU
		{8550DFFC-47DB-4694-A28D-3B75CFA951AB}.Debug|Any CPU.ActiveCfg = Debug|Any CPU
		{8550DFFC-47DB-4694-A28D-3B75CFA951AB}.Debug|Any CPU.Build.0 = Debug|Any CPU
		{8550DFFC-47DB-4694-A28D-3B75CFA951AB}.Release|Any CPU.ActiveCfg = Release|Any CPU
		{8550DFFC-47DB-4694-A28D-3B75CFA951AB}.Release|Any CPU.Build.0 = Release|Any CPU
	EndGlobalSection
	GlobalSection(SolutionProperties) = preSolution
		HideSolutionNode = FALSE
	EndGlobalSection
	GlobalSection(ExtensibilityGlobals) = postSolution
		SolutionGuid = {C860E1CA-1757-466C-888D-19C6E4409B2A}
	EndGlobalSection
EndGlobal
