
Microsoft Visual Studio Solution File, Format Version 12.00
# Visual Studio Version 17
VisualStudioVersion = 17.9.34728.123
MinimumVisualStudioVersion = 10.0.40219.1
Project("{FAE04EC0-301F-11D3-BF4B-00C04F79EFBC}") = "ApiClase", "ApiClase.csproj", "{77B49C93-461E-41C0-9922-5326150D8EED}"
EndProject
Global
	GlobalSection(SolutionConfigurationPlatforms) = preSolution
		Debug|Any CPU = Debug|Any CPU
		Release|Any CPU = Release|Any CPU
	EndGlobalSection
	GlobalSection(ProjectConfigurationPlatforms) = postSolution
		{77B49C93-461E-41C0-9922-5326150D8EED}.Debug|Any CPU.ActiveCfg = Debug|Any CPU
		{77B49C93-461E-41C0-9922-5326150D8EED}.Debug|Any CPU.Build.0 = Debug|Any CPU
		{77B49C93-461E-41C0-9922-5326150D8EED}.Release|Any CPU.ActiveCfg = Release|Any CPU
		{77B49C93-461E-41C0-9922-5326150D8EED}.Release|Any CPU.Build.0 = Release|Any CPU
	EndGlobalSection
	GlobalSection(SolutionProperties) = preSolution
		HideSolutionNode = FALSE
	EndGlobalSection
	GlobalSection(ExtensibilityGlobals) = postSolution
		SolutionGuid = {12094E6C-1532-4F65-AFE5-10AF313C42F6}
	EndGlobalSection
EndGlobal
